// !$*UTF8*$!
{
	archiveVersion = 1;
	classes = {
	};
	objectVersion = 51;
	objects = {

/* Begin PBXBuildFile section */
		20852DF3269D40C000BB6590 /* HomeViewModel.swift in Sources */ = {isa = PBXBuildFile; fileRef = 20852DF2269D40C000BB6590 /* HomeViewModel.swift */; };
		20852DF5269D410E00BB6590 /* Item.swift in Sources */ = {isa = PBXBuildFile; fileRef = 20852DF4269D410E00BB6590 /* Item.swift */; };
		20852DF7269D414400BB6590 /* Cart.swift in Sources */ = {isa = PBXBuildFile; fileRef = 20852DF6269D414400BB6590 /* Cart.swift */; };
		20852DF9269D418300BB6590 /* Extensions.swift in Sources */ = {isa = PBXBuildFile; fileRef = 20852DF8269D418300BB6590 /* Extensions.swift */; };
		20852DFC269D421500BB6590 /* HomeCollectionViewCell.swift in Sources */ = {isa = PBXBuildFile; fileRef = 20852DFB269D421500BB6590 /* HomeCollectionViewCell.swift */; };
		20852DFE269D424D00BB6590 /* CartViewController.swift in Sources */ = {isa = PBXBuildFile; fileRef = 20852DFD269D424D00BB6590 /* CartViewController.swift */; };
		20852E00269D428600BB6590 /* CartCollectionViewCell.swift in Sources */ = {isa = PBXBuildFile; fileRef = 20852DFF269D428600BB6590 /* CartCollectionViewCell.swift */; };
		20852E02269D4A2100BB6590 /* GoogleService-Info.plist in Resources */ = {isa = PBXBuildFile; fileRef = 20852E01269D4A2000BB6590 /* GoogleService-Info.plist */; };
		209764B4269CB89A00746000 /* AppDelegate.swift in Sources */ = {isa = PBXBuildFile; fileRef = 209764B3269CB89A00746000 /* AppDelegate.swift */; };
		209764B6269CB89A00746000 /* SceneDelegate.swift in Sources */ = {isa = PBXBuildFile; fileRef = 209764B5269CB89A00746000 /* SceneDelegate.swift */; };
		209764BE269CB89A00746000 /* DeliveryApp.xcdatamodeld in Sources */ = {isa = PBXBuildFile; fileRef = 209764BC269CB89A00746000 /* DeliveryApp.xcdatamodeld */; };
		209764C0269CB89F00746000 /* Assets.xcassets in Resources */ = {isa = PBXBuildFile; fileRef = 209764BF269CB89F00746000 /* Assets.xcassets */; };
		209764C3269CB89F00746000 /* LaunchScreen.storyboard in Resources */ = {isa = PBXBuildFile; fileRef = 209764C1269CB89F00746000 /* LaunchScreen.storyboard */; };
		209764D0269CB99500746000 /* HomeViewController.swift in Sources */ = {isa = PBXBuildFile; fileRef = 209764CF269CB99500746000 /* HomeViewController.swift */; };
		243C3024805B2A046A2CE2F2 /* Pods_DeliveryApp.framework in Frameworks */ = {isa = PBXBuildFile; fileRef = C1C35266564492BFE6DA08F5 /* Pods_DeliveryApp.framework */; };
/* End PBXBuildFile section */

/* Begin PBXFileReference section */
		20852DF2269D40C000BB6590 /* HomeViewModel.swift */ = {isa = PBXFileReference; lastKnownFileType = sourcecode.swift; path = HomeViewModel.swift; sourceTree = "<group>"; };
		20852DF4269D410E00BB6590 /* Item.swift */ = {isa = PBXFileReference; lastKnownFileType = sourcecode.swift; path = Item.swift; sourceTree = "<group>"; };
		20852DF6269D414400BB6590 /* Cart.swift */ = {isa = PBXFileReference; lastKnownFileType = sourcecode.swift; path = Cart.swift; sourceTree = "<group>"; };
		20852DF8269D418300BB6590 /* Extensions.swift */ = {isa = PBXFileReference; lastKnownFileType = sourcecode.swift; path = Extensions.swift; sourceTree = "<group>"; };
		20852DFB269D421500BB6590 /* HomeCollectionViewCell.swift */ = {isa = PBXFileReference; lastKnownFileType = sourcecode.swift; path = HomeCollectionViewCell.swift; sourceTree = "<group>"; };
		20852DFD269D424D00BB6590 /* CartViewController.swift */ = {isa = PBXFileReference; lastKnownFileType = sourcecode.swift; path = CartViewController.swift; sourceTree = "<group>"; };
		20852DFF269D428600BB6590 /* CartCollectionViewCell.swift */ = {isa = PBXFileReference; lastKnownFileType = sourcecode.swift; path = CartCollectionViewCell.swift; sourceTree = "<group>"; };
		20852E01269D4A2000BB6590 /* GoogleService-Info.plist */ = {isa = PBXFileReference; fileEncoding = 4; lastKnownFileType = text.plist.xml; path = "GoogleService-Info.plist"; sourceTree = "<group>"; };
		209764B0269CB89A00746000 /* DeliveryApp.app */ = {isa = PBXFileReference; explicitFileType = wrapper.application; includeInIndex = 0; path = DeliveryApp.app; sourceTree = BUILT_PRODUCTS_DIR; };
		209764B3269CB89A00746000 /* AppDelegate.swift */ = {isa = PBXFileReference; lastKnownFileType = sourcecode.swift; path = AppDelegate.swift; sourceTree = "<group>"; };
		209764B5269CB89A00746000 /* SceneDelegate.swift */ = {isa = PBXFileReference; lastKnownFileType = sourcecode.swift; path = SceneDelegate.swift; sourceTree = "<group>"; };
		209764BD269CB89A00746000 /* DeliveryApp.xcdatamodel */ = {isa = PBXFileReference; lastKnownFileType = wrapper.xcdatamodel; path = DeliveryApp.xcdatamodel; sourceTree = "<group>"; };
		209764BF269CB89F00746000 /* Assets.xcassets */ = {isa = PBXFileReference; lastKnownFileType = folder.assetcatalog; path = Assets.xcassets; sourceTree = "<group>"; };
		209764C2269CB89F00746000 /* Base */ = {isa = PBXFileReference; lastKnownFileType = file.storyboard; name = Base; path = Base.lproj/LaunchScreen.storyboard; sourceTree = "<group>"; };
		209764C4269CB89F00746000 /* Info.plist */ = {isa = PBXFileReference; lastKnownFileType = text.plist.xml; path = Info.plist; sourceTree = "<group>"; };
		209764CF269CB99500746000 /* HomeViewController.swift */ = {isa = PBXFileReference; lastKnownFileType = sourcecode.swift; path = HomeViewController.swift; sourceTree = "<group>"; };
		43FBF87549AEC4879D865305 /* Pods-DeliveryApp.debug.xcconfig */ = {isa = PBXFileReference; includeInIndex = 1; lastKnownFileType = text.xcconfig; name = "Pods-DeliveryApp.debug.xcconfig"; path = "Target Support Files/Pods-DeliveryApp/Pods-DeliveryApp.debug.xcconfig"; sourceTree = "<group>"; };
		76B82F5F805C502F9919DBCF /* Pods-DeliveryApp.release.xcconfig */ = {isa = PBXFileReference; includeInIndex = 1; lastKnownFileType = text.xcconfig; name = "Pods-DeliveryApp.release.xcconfig"; path = "Target Support Files/Pods-DeliveryApp/Pods-DeliveryApp.release.xcconfig"; sourceTree = "<group>"; };
		C1C35266564492BFE6DA08F5 /* Pods_DeliveryApp.framework */ = {isa = PBXFileReference; explicitFileType = wrapper.framework; includeInIndex = 0; path = Pods_DeliveryApp.framework; sourceTree = BUILT_PRODUCTS_DIR; };
/* End PBXFileReference section */

/* Begin PBXFrameworksBuildPhase section */
		209764AD269CB89A00746000 /* Frameworks */ = {
			isa = PBXFrameworksBuildPhase;
			buildActionMask = 2147483647;
			files = (
				243C3024805B2A046A2CE2F2 /* Pods_DeliveryApp.framework in Frameworks */,
			);
			runOnlyForDeploymentPostprocessing = 0;
		};
/* End PBXFrameworksBuildPhase section */

/* Begin PBXGroup section */
		20852DFA269D420300BB6590 /* CollectionViews */ = {
			isa = PBXGroup;
			children = (
				20852DFB269D421500BB6590 /* HomeCollectionViewCell.swift */,
				20852DFF269D428600BB6590 /* CartCollectionViewCell.swift */,
			);
			path = CollectionViews;
			sourceTree = "<group>";
		};
		2086C51417BF4B585ADDBA22 /* Frameworks */ = {
			isa = PBXGroup;
			children = (
				C1C35266564492BFE6DA08F5 /* Pods_DeliveryApp.framework */,
			);
			name = Frameworks;
			sourceTree = "<group>";
		};
		209764A7269CB89A00746000 = {
			isa = PBXGroup;
			children = (
				209764B2269CB89A00746000 /* DeliveryApp */,
				209764B1269CB89A00746000 /* Products */,
				57B10D7BE5004309F6BA88DF /* Pods */,
				2086C51417BF4B585ADDBA22 /* Frameworks */,
			);
			sourceTree = "<group>";
		};
		209764B1269CB89A00746000 /* Products */ = {
			isa = PBXGroup;
			children = (
				209764B0269CB89A00746000 /* DeliveryApp.app */,
			);
			name = Products;
			sourceTree = "<group>";
		};
		209764B2269CB89A00746000 /* DeliveryApp */ = {
			isa = PBXGroup;
			children = (
				20852E01269D4A2000BB6590 /* GoogleService-Info.plist */,
				209764CE269CB94200746000 /* Resources */,
				209764CA269CB90A00746000 /* ModelView */,
				209764CB269CB91100746000 /* View */,
				209764CC269CB92100746000 /* Model */,
				209764BF269CB89F00746000 /* Assets.xcassets */,
				209764C1269CB89F00746000 /* LaunchScreen.storyboard */,
				209764C4269CB89F00746000 /* Info.plist */,
				209764BC269CB89A00746000 /* DeliveryApp.xcdatamodeld */,
			);
			path = DeliveryApp;
			sourceTree = "<group>";
		};
		209764CA269CB90A00746000 /* ModelView */ = {
			isa = PBXGroup;
			children = (
				20852DF2269D40C000BB6590 /* HomeViewModel.swift */,
			);
			path = ModelView;
			sourceTree = "<group>";
		};
		209764CB269CB91100746000 /* View */ = {
			isa = PBXGroup;
			children = (
				20852DFA269D420300BB6590 /* CollectionViews */,
				209764CD269CB93B00746000 /* Controllers */,
			);
			path = View;
			sourceTree = "<group>";
		};
		209764CC269CB92100746000 /* Model */ = {
			isa = PBXGroup;
			children = (
				20852DF4269D410E00BB6590 /* Item.swift */,
				20852DF6269D414400BB6590 /* Cart.swift */,
			);
			path = Model;
			sourceTree = "<group>";
		};
		209764CD269CB93B00746000 /* Controllers */ = {
			isa = PBXGroup;
			children = (
				209764CF269CB99500746000 /* HomeViewController.swift */,
				20852DFD269D424D00BB6590 /* CartViewController.swift */,
			);
			path = Controllers;
			sourceTree = "<group>";
		};
		209764CE269CB94200746000 /* Resources */ = {
			isa = PBXGroup;
			children = (
				209764B3269CB89A00746000 /* AppDelegate.swift */,
				209764B5269CB89A00746000 /* SceneDelegate.swift */,
				20852DF8269D418300BB6590 /* Extensions.swift */,
			);
			path = Resources;
			sourceTree = "<group>";
		};
		57B10D7BE5004309F6BA88DF /* Pods */ = {
			isa = PBXGroup;
			children = (
				43FBF87549AEC4879D865305 /* Pods-DeliveryApp.debug.xcconfig */,
				76B82F5F805C502F9919DBCF /* Pods-DeliveryApp.release.xcconfig */,
			);
			path = Pods;
			sourceTree = "<group>";
		};
/* End PBXGroup section */

/* Begin PBXNativeTarget section */
		209764AF269CB89A00746000 /* DeliveryApp */ = {
			isa = PBXNativeTarget;
			buildConfigurationList = 209764C7269CB89F00746000 /* Build configuration list for PBXNativeTarget "DeliveryApp" */;
			buildPhases = (
				E48CADDA0F481FE15C0D4E22 /* [CP] Check Pods Manifest.lock */,
				209764AC269CB89A00746000 /* Sources */,
				209764AD269CB89A00746000 /* Frameworks */,
				209764AE269CB89A00746000 /* Resources */,
				9DFD139C464DE4F8AF791463 /* [CP] Embed Pods Frameworks */,
			);
			buildRules = (
			);
			dependencies = (
			);
			name = DeliveryApp;
			productName = DeliveryApp;
			productReference = 209764B0269CB89A00746000 /* DeliveryApp.app */;
			productType = "com.apple.product-type.application";
		};
/* End PBXNativeTarget section */

/* Begin PBXProject section */
		209764A8269CB89A00746000 /* Project object */ = {
			isa = PBXProject;
			attributes = {
				LastSwiftUpdateCheck = 1250;
				LastUpgradeCheck = 1250;
				TargetAttributes = {
					209764AF269CB89A00746000 = {
						CreatedOnToolsVersion = 12.5;
					};
				};
			};
			buildConfigurationList = 209764AB269CB89A00746000 /* Build configuration list for PBXProject "DeliveryApp" */;
			compatibilityVersion = "Xcode 9.3";
			developmentRegion = en;
			hasScannedForEncodings = 0;
			knownRegions = (
				en,
				Base,
			);
			mainGroup = 209764A7269CB89A00746000;
			productRefGroup = 209764B1269CB89A00746000 /* Products */;
			projectDirPath = "";
			projectRoot = "";
			targets = (
				209764AF269CB89A00746000 /* DeliveryApp */,
			);
		};
/* End PBXProject section */

/* Begin PBXResourcesBuildPhase section */
		209764AE269CB89A00746000 /* Resources */ = {
			isa = PBXResourcesBuildPhase;
			buildActionMask = 2147483647;
			files = (
				209764C3269CB89F00746000 /* LaunchScreen.storyboard in Resources */,
				20852E02269D4A2100BB6590 /* GoogleService-Info.plist in Resources */,
				209764C0269CB89F00746000 /* Assets.xcassets in Resources */,
			);
			runOnlyForDeploymentPostprocessing = 0;
		};
/* End PBXResourcesBuildPhase section */

/* Begin PBXShellScriptBuildPhase section */
		9DFD139C464DE4F8AF791463 /* [CP] Embed Pods Frameworks */ = {
			isa = PBXShellScriptBuildPhase;
			buildActionMask = 2147483647;
			files = (
			);
			inputFileListPaths = (
				"${PODS_ROOT}/Target Support Files/Pods-DeliveryApp/Pods-DeliveryApp-frameworks-${CONFIGURATION}-input-files.xcfilelist",
			);
			name = "[CP] Embed Pods Frameworks";
			outputFileListPaths = (
				"${PODS_ROOT}/Target Support Files/Pods-DeliveryApp/Pods-DeliveryApp-frameworks-${CONFIGURATION}-output-files.xcfilelist",
			);
			runOnlyForDeploymentPostprocessing = 0;
			shellPath = /bin/sh;
			shellScript = "\"${PODS_ROOT}/Target Support Files/Pods-DeliveryApp/Pods-DeliveryApp-frameworks.sh\"\n";
			showEnvVarsInLog = 0;
		};
		E48CADDA0F481FE15C0D4E22 /* [CP] Check Pods Manifest.lock */ = {
			isa = PBXShellScriptBuildPhase;
			buildActionMask = 2147483647;
			files = (
			);
			inputFileListPaths = (
			);
			inputPaths = (
				"${PODS_PODFILE_DIR_PATH}/Podfile.lock",
				"${PODS_ROOT}/Manifest.lock",
			);
			name = "[CP] Check Pods Manifest.lock";
			outputFileListPaths = (
			);
			outputPaths = (
				"$(DERIVED_FILE_DIR)/Pods-DeliveryApp-checkManifestLockResult.txt",
			);
			runOnlyForDeploymentPostprocessing = 0;
			shellPath = /bin/sh;
			shellScript = "diff \"${PODS_PODFILE_DIR_PATH}/Podfile.lock\" \"${PODS_ROOT}/Manifest.lock\" > /dev/null\nif [ $? != 0 ] ; then\n    # print error to STDERR\n    echo \"error: The sandbox is not in sync with the Podfile.lock. Run 'pod install' or update your CocoaPods installation.\" >&2\n    exit 1\nfi\n# This output is used by Xcode 'outputs' to avoid re-running this script phase.\necho \"SUCCESS\" > \"${SCRIPT_OUTPUT_FILE_0}\"\n";
			showEnvVarsInLog = 0;
		};
/* End PBXShellScriptBuildPhase section */

/* Begin PBXSourcesBuildPhase section */
		209764AC269CB89A00746000 /* Sources */ = {
			isa = PBXSourcesBuildPhase;
			buildActionMask = 2147483647;
			files = (
				209764D0269CB99500746000 /* HomeViewController.swift in Sources */,
				209764BE269CB89A00746000 /* DeliveryApp.xcdatamodeld in Sources */,
				20852DFE269D424D00BB6590 /* CartViewController.swift in Sources */,
				209764B4269CB89A00746000 /* AppDelegate.swift in Sources */,
				20852DF9269D418300BB6590 /* Extensions.swift in Sources */,
				20852DF7269D414400BB6590 /* Cart.swift in Sources */,
				20852DF3269D40C000BB6590 /* HomeViewModel.swift in Sources */,
				20852DF5269D410E00BB6590 /* Item.swift in Sources */,
				20852DFC269D421500BB6590 /* HomeCollectionViewCell.swift in Sources */,
				20852E00269D428600BB6590 /* CartCollectionViewCell.swift in Sources */,
				209764B6269CB89A00746000 /* SceneDelegate.swift in Sources */,
			);
			runOnlyForDeploymentPostprocessing = 0;
		};
/* End PBXSourcesBuildPhase section */

/* Begin PBXVariantGroup section */
		209764C1269CB89F00746000 /* LaunchScreen.storyboard */ = {
			isa = PBXVariantGroup;
			children = (
				209764C2269CB89F00746000 /* Base */,
			);
			name = LaunchScreen.storyboard;
			sourceTree = "<group>";
		};
/* End PBXVariantGroup section */

/* Begin XCBuildConfiguration section */
		209764C5269CB89F00746000 /* Debug */ = {
			isa = XCBuildConfiguration;
			buildSettings = {
				ALWAYS_SEARCH_USER_PATHS = NO;
				CLANG_ANALYZER_NONNULL = YES;
				CLANG_ANALYZER_NUMBER_OBJECT_CONVERSION = YES_AGGRESSIVE;
				CLANG_CXX_LANGUAGE_STANDARD = "gnu++14";
				CLANG_CXX_LIBRARY = "libc++";
				CLANG_ENABLE_MODULES = YES;
				CLANG_ENABLE_OBJC_ARC = YES;
				CLANG_ENABLE_OBJC_WEAK = YES;
				CLANG_WARN_BLOCK_CAPTURE_AUTORELEASING = YES;
				CLANG_WARN_BOOL_CONVERSION = YES;
				CLANG_WARN_COMMA = YES;
				CLANG_WARN_CONSTANT_CONVERSION = YES;
				CLANG_WARN_DEPRECATED_OBJC_IMPLEMENTATIONS = YES;
				CLANG_WARN_DIRECT_OBJC_ISA_USAGE = YES_ERROR;
				CLANG_WARN_DOCUMENTATION_COMMENTS = YES;
				CLANG_WARN_EMPTY_BODY = YES;
				CLANG_WARN_ENUM_CONVERSION = YES;
				CLANG_WARN_INFINITE_RECURSION = YES;
				CLANG_WARN_INT_CONVERSION = YES;
				CLANG_WARN_NON_LITERAL_NULL_CONVERSION = YES;
				CLANG_WARN_OBJC_IMPLICIT_RETAIN_SELF = YES;
				CLANG_WARN_OBJC_LITERAL_CONVERSION = YES;
				CLANG_WARN_OBJC_ROOT_CLASS = YES_ERROR;
				CLANG_WARN_QUOTED_INCLUDE_IN_FRAMEWORK_HEADER = YES;
				CLANG_WARN_RANGE_LOOP_ANALYSIS = YES;
				CLANG_WARN_STRICT_PROTOTYPES = YES;
				CLANG_WARN_SUSPICIOUS_MOVE = YES;
				CLANG_WARN_UNGUARDED_AVAILABILITY = YES_AGGRESSIVE;
				CLANG_WARN_UNREACHABLE_CODE = YES;
				CLANG_WARN__DUPLICATE_METHOD_MATCH = YES;
				COPY_PHASE_STRIP = NO;
				DEBUG_INFORMATION_FORMAT = dwarf;
				ENABLE_STRICT_OBJC_MSGSEND = YES;
				ENABLE_TESTABILITY = YES;
				GCC_C_LANGUAGE_STANDARD = gnu11;
				GCC_DYNAMIC_NO_PIC = NO;
				GCC_NO_COMMON_BLOCKS = YES;
				GCC_OPTIMIZATION_LEVEL = 0;
				GCC_PREPROCESSOR_DEFINITIONS = (
					"DEBUG=1",
					"$(inherited)",
				);
				GCC_WARN_64_TO_32_BIT_CONVERSION = YES;
				GCC_WARN_ABOUT_RETURN_TYPE = YES_ERROR;
				GCC_WARN_UNDECLARED_SELECTOR = YES;
				GCC_WARN_UNINITIALIZED_AUTOS = YES_AGGRESSIVE;
				GCC_WARN_UNUSED_FUNCTION = YES;
				GCC_WARN_UNUSED_VARIABLE = YES;
				IPHONEOS_DEPLOYMENT_TARGET = 14.5;
				MTL_ENABLE_DEBUG_INFO = INCLUDE_SOURCE;
				MTL_FAST_MATH = YES;
				ONLY_ACTIVE_ARCH = YES;
				SDKROOT = iphoneos;
				SWIFT_ACTIVE_COMPILATION_CONDITIONS = DEBUG;
				SWIFT_OPTIMIZATION_LEVEL = "-Onone";
			};
			name = Debug;
		};
		209764C6269CB89F00746000 /* Release */ = {
			isa = XCBuildConfiguration;
			buildSettings = {
				ALWAYS_SEARCH_USER_PATHS = NO;
				CLANG_ANALYZER_NONNULL = YES;
				CLANG_ANALYZER_NUMBER_OBJECT_CONVERSION = YES_AGGRESSIVE;
				CLANG_CXX_LANGUAGE_STANDARD = "gnu++14";
				CLANG_CXX_LIBRARY = "libc++";
				CLANG_ENABLE_MODULES = YES;
				CLANG_ENABLE_OBJC_ARC = YES;
				CLANG_ENABLE_OBJC_WEAK = YES;
				CLANG_WARN_BLOCK_CAPTURE_AUTORELEASING = YES;
				CLANG_WARN_BOOL_CONVERSION = YES;
				CLANG_WARN_COMMA = YES;
				CLANG_WARN_CONSTANT_CONVERSION = YES;
				CLANG_WARN_DEPRECATED_OBJC_IMPLEMENTATIONS = YES;
				CLANG_WARN_DIRECT_OBJC_ISA_USAGE = YES_ERROR;
				CLANG_WARN_DOCUMENTATION_COMMENTS = YES;
				CLANG_WARN_EMPTY_BODY = YES;
				CLANG_WARN_ENUM_CONVERSION = YES;
				CLANG_WARN_INFINITE_RECURSION = YES;
				CLANG_WARN_INT_CONVERSION = YES;
				CLANG_WARN_NON_LITERAL_NULL_CONVERSION = YES;
				CLANG_WARN_OBJC_IMPLICIT_RETAIN_SELF = YES;
				CLANG_WARN_OBJC_LITERAL_CONVERSION = YES;
				CLANG_WARN_OBJC_ROOT_CLASS = YES_ERROR;
				CLANG_WARN_QUOTED_INCLUDE_IN_FRAMEWORK_HEADER = YES;
				CLANG_WARN_RANGE_LOOP_ANALYSIS = YES;
				CLANG_WARN_STRICT_PROTOTYPES = YES;
				CLANG_WARN_SUSPICIOUS_MOVE = YES;
				CLANG_WARN_UNGUARDED_AVAILABILITY = YES_AGGRESSIVE;
				CLANG_WARN_UNREACHABLE_CODE = YES;
				CLANG_WARN__DUPLICATE_METHOD_MATCH = YES;
				COPY_PHASE_STRIP = NO;
				DEBUG_INFORMATION_FORMAT = "dwarf-with-dsym";
				ENABLE_NS_ASSERTIONS = NO;
				ENABLE_STRICT_OBJC_MSGSEND = YES;
				GCC_C_LANGUAGE_STANDARD = gnu11;
				GCC_NO_COMMON_BLOCKS = YES;
				GCC_WARN_64_TO_32_BIT_CONVERSION = YES;
				GCC_WARN_ABOUT_RETURN_TYPE = YES_ERROR;
				GCC_WARN_UNDECLARED_SELECTOR = YES;
				GCC_WARN_UNINITIALIZED_AUTOS = YES_AGGRESSIVE;
				GCC_WARN_UNUSED_FUNCTION = YES;
				GCC_WARN_UNUSED_VARIABLE = YES;
				IPHONEOS_DEPLOYMENT_TARGET = 14.5;
				MTL_ENABLE_DEBUG_INFO = NO;
				MTL_FAST_MATH = YES;
				SDKROOT = iphoneos;
				SWIFT_COMPILATION_MODE = wholemodule;
				SWIFT_OPTIMIZATION_LEVEL = "-O";
				VALIDATE_PRODUCT = YES;
			};
			name = Release;
		};
		209764C8269CB89F00746000 /* Debug */ = {
			isa = XCBuildConfiguration;
			baseConfigurationReference = 43FBF87549AEC4879D865305 /* Pods-DeliveryApp.debug.xcconfig */;
			buildSettings = {
				ASSETCATALOG_COMPILER_APPICON_NAME = AppIcon;
				ASSETCATALOG_COMPILER_GLOBAL_ACCENT_COLOR_NAME = AccentColor;
				CODE_SIGN_STYLE = Automatic;
				DEVELOPMENT_TEAM = HWU7734XG6;
				INFOPLIST_FILE = DeliveryApp/Info.plist;
				LD_RUNPATH_SEARCH_PATHS = (
					"$(inherited)",
					"@executable_path/Frameworks",
				);
				PRODUCT_BUNDLE_IDENTIFIER = com.higgstudio.DeliveryApp;
				PRODUCT_NAME = "$(TARGET_NAME)";
				SWIFT_VERSION = 5.0;
				TARGETED_DEVICE_FAMILY = "1,2";
			};
			name = Debug;
		};
		209764C9269CB89F00746000 /* Release */ = {
			isa = XCBuildConfiguration;
			baseConfigurationReference = 76B82F5F805C502F9919DBCF /* Pods-DeliveryApp.release.xcconfig */;
			buildSettings = {
				ASSETCATALOG_COMPILER_APPICON_NAME = AppIcon;
				ASSETCATALOG_COMPILER_GLOBAL_ACCENT_COLOR_NAME = AccentColor;
				CODE_SIGN_STYLE = Automatic;
				DEVELOPMENT_TEAM = HWU7734XG6;
				INFOPLIST_FILE = DeliveryApp/Info.plist;
				LD_RUNPATH_SEARCH_PATHS = (
					"$(inherited)",
					"@executable_path/Frameworks",
				);
				PRODUCT_BUNDLE_IDENTIFIER = com.higgstudio.DeliveryApp;
				PRODUCT_NAME = "$(TARGET_NAME)";
				SWIFT_VERSION = 5.0;
				TARGETED_DEVICE_FAMILY = "1,2";
			};
			name = Release;
		};
/* End XCBuildConfiguration section */

/* Begin XCConfigurationList section */
		209764AB269CB89A00746000 /* Build configuration list for PBXProject "DeliveryApp" */ = {
			isa = XCConfigurationList;
			buildConfigurations = (
				209764C5269CB89F00746000 /* Debug */,
				209764C6269CB89F00746000 /* Release */,
			);
			defaultConfigurationIsVisible = 0;
			defaultConfigurationName = Release;
		};
		209764C7269CB89F00746000 /* Build configuration list for PBXNativeTarget "DeliveryApp" */ = {
			isa = XCConfigurationList;
			buildConfigurations = (
				209764C8269CB89F00746000 /* Debug */,
				209764C9269CB89F00746000 /* Release */,
			);
			defaultConfigurationIsVisible = 0;
			defaultConfigurationName = Release;
		};
/* End XCConfigurationList section */

/* Begin XCVersionGroup section */
		209764BC269CB89A00746000 /* DeliveryApp.xcdatamodeld */ = {
			isa = XCVersionGroup;
			children = (
				209764BD269CB89A00746000 /* DeliveryApp.xcdatamodel */,
			);
			currentVersion = 209764BD269CB89A00746000 /* DeliveryApp.xcdatamodel */;
			path = DeliveryApp.xcdatamodeld;
			sourceTree = "<group>";
			versionGroupType = wrapper.xcdatamodel;
		};
/* End XCVersionGroup section */
	};
	rootObject = 209764A8269CB89A00746000 /* Project object */;
}
